// !$*UTF8*$!
{
	archiveVersion = 1;
	classes = {
	};
	objectVersion = 56;
	objects = {

/* Begin PBXBuildFile section */
		297740EDE1F90F35387BD957 /* Pods_kurlyClone.framework in Frameworks */ = {isa = PBXBuildFile; fileRef = 9871A05AF1A6AE187B509A20 /* Pods_kurlyClone.framework */; };
		528BAF292A79A94C00ED179E /* UIImage+Ext.swift in Sources */ = {isa = PBXBuildFile; fileRef = 528BAF282A79A94C00ED179E /* UIImage+Ext.swift */; };
		528BAF2B2A8279A800ED179E /* KurlyRecommendationVC.swift in Sources */ = {isa = PBXBuildFile; fileRef = 528BAF2A2A8279A800ED179E /* KurlyRecommendationVC.swift */; };
		528BAF2D2A827A7800ED179E /* NewProductVC.swift in Sources */ = {isa = PBXBuildFile; fileRef = 528BAF2C2A827A7800ED179E /* NewProductVC.swift */; };
		528BAF2F2A827AAF00ED179E /* BestVC.swift in Sources */ = {isa = PBXBuildFile; fileRef = 528BAF2E2A827AAF00ED179E /* BestVC.swift */; };
		528BAF312A827ADB00ED179E /* SalesVC.swift in Sources */ = {isa = PBXBuildFile; fileRef = 528BAF302A827ADB00ED179E /* SalesVC.swift */; };
		528BAF332A827AF800ED179E /* SpecialPriceVC.swift in Sources */ = {isa = PBXBuildFile; fileRef = 528BAF322A827AF800ED179E /* SpecialPriceVC.swift */; };
		5298AF6A2A7021EC009ADC28 /* Constant.swift in Sources */ = {isa = PBXBuildFile; fileRef = 5298AF692A7021EC009ADC28 /* Constant.swift */; };
		5298AF702A7029FF009ADC28 /* UserModel.swift in Sources */ = {isa = PBXBuildFile; fileRef = 5298AF6F2A7029FF009ADC28 /* UserModel.swift */; };
		5298AF742A702C37009ADC28 /* dummyData.json in Resources */ = {isa = PBXBuildFile; fileRef = 5298AF732A702C37009ADC28 /* dummyData.json */; };
		5298AF782A7034B7009ADC28 /* TabBarController.swift in Sources */ = {isa = PBXBuildFile; fileRef = 5298AF772A7034B7009ADC28 /* TabBarController.swift */; };
		5298AF7B2A703720009ADC28 /* HomeVC.swift in Sources */ = {isa = PBXBuildFile; fileRef = 5298AF7A2A703720009ADC28 /* HomeVC.swift */; };
		5298AFA42A79A3E0009ADC28 /* UIColor+Ext.swift in Sources */ = {isa = PBXBuildFile; fileRef = 5298AFA32A79A3E0009ADC28 /* UIColor+Ext.swift */; };
		5298AFAC2A79A49D009ADC28 /* LogVC.swift in Sources */ = {isa = PBXBuildFile; fileRef = 5298AFAB2A79A49D009ADC28 /* LogVC.swift */; };
		5298AFAE2A79A4AA009ADC28 /* CategoryVC.swift in Sources */ = {isa = PBXBuildFile; fileRef = 5298AFAD2A79A4AA009ADC28 /* CategoryVC.swift */; };
		5298AFB02A79A4B5009ADC28 /* SearchVC.swift in Sources */ = {isa = PBXBuildFile; fileRef = 5298AFAF2A79A4B5009ADC28 /* SearchVC.swift */; };
		5298AFB22A79A4BF009ADC28 /* MyPageVC.swift in Sources */ = {isa = PBXBuildFile; fileRef = 5298AFB12A79A4BF009ADC28 /* MyPageVC.swift */; };
		52A2D7012A6FC8420031FF8E /* AppDelegate.swift in Sources */ = {isa = PBXBuildFile; fileRef = 52A2D7002A6FC8420031FF8E /* AppDelegate.swift */; };
		52A2D7032A6FC8420031FF8E /* SceneDelegate.swift in Sources */ = {isa = PBXBuildFile; fileRef = 52A2D7022A6FC8420031FF8E /* SceneDelegate.swift */; };
		52A2D7052A6FC8420031FF8E /* ViewController.swift in Sources */ = {isa = PBXBuildFile; fileRef = 52A2D7042A6FC8420031FF8E /* ViewController.swift */; };
		52A2D7082A6FC8420031FF8E /* Main.storyboard in Resources */ = {isa = PBXBuildFile; fileRef = 52A2D7062A6FC8420031FF8E /* Main.storyboard */; };
		52A2D70B2A6FC8420031FF8E /* kurlyClone.xcdatamodeld in Sources */ = {isa = PBXBuildFile; fileRef = 52A2D7092A6FC8420031FF8E /* kurlyClone.xcdatamodeld */; };
		52A2D70D2A6FC8430031FF8E /* Assets.xcassets in Resources */ = {isa = PBXBuildFile; fileRef = 52A2D70C2A6FC8430031FF8E /* Assets.xcassets */; };
		52A2D7102A6FC8430031FF8E /* LaunchScreen.storyboard in Resources */ = {isa = PBXBuildFile; fileRef = 52A2D70E2A6FC8430031FF8E /* LaunchScreen.storyboard */; };
		52C67A462A93E7FD006CF065 /* CutsomNavigationBar.swift in Sources */ = {isa = PBXBuildFile; fileRef = 52C67A452A93E7FD006CF065 /* CutsomNavigationBar.swift */; };
/* End PBXBuildFile section */

/* Begin PBXFileReference section */
		528BAF282A79A94C00ED179E /* UIImage+Ext.swift */ = {isa = PBXFileReference; lastKnownFileType = sourcecode.swift; path = "UIImage+Ext.swift"; sourceTree = "<group>"; };
		528BAF2A2A8279A800ED179E /* KurlyRecommendationVC.swift */ = {isa = PBXFileReference; lastKnownFileType = sourcecode.swift; path = KurlyRecommendationVC.swift; sourceTree = "<group>"; };
		528BAF2C2A827A7800ED179E /* NewProductVC.swift */ = {isa = PBXFileReference; lastKnownFileType = sourcecode.swift; path = NewProductVC.swift; sourceTree = "<group>"; };
		528BAF2E2A827AAF00ED179E /* BestVC.swift */ = {isa = PBXFileReference; lastKnownFileType = sourcecode.swift; path = BestVC.swift; sourceTree = "<group>"; };
		528BAF302A827ADB00ED179E /* SalesVC.swift */ = {isa = PBXFileReference; lastKnownFileType = sourcecode.swift; path = SalesVC.swift; sourceTree = "<group>"; };
		528BAF322A827AF800ED179E /* SpecialPriceVC.swift */ = {isa = PBXFileReference; lastKnownFileType = sourcecode.swift; path = SpecialPriceVC.swift; sourceTree = "<group>"; };
		5298AF692A7021EC009ADC28 /* Constant.swift */ = {isa = PBXFileReference; lastKnownFileType = sourcecode.swift; path = Constant.swift; sourceTree = "<group>"; };
		5298AF6F2A7029FF009ADC28 /* UserModel.swift */ = {isa = PBXFileReference; lastKnownFileType = sourcecode.swift; path = UserModel.swift; sourceTree = "<group>"; };
		5298AF732A702C37009ADC28 /* dummyData.json */ = {isa = PBXFileReference; lastKnownFileType = text.json; path = dummyData.json; sourceTree = "<group>"; };
		5298AF772A7034B7009ADC28 /* TabBarController.swift */ = {isa = PBXFileReference; lastKnownFileType = sourcecode.swift; path = TabBarController.swift; sourceTree = "<group>"; };
		5298AF7A2A703720009ADC28 /* HomeVC.swift */ = {isa = PBXFileReference; lastKnownFileType = sourcecode.swift; path = HomeVC.swift; sourceTree = "<group>"; };
		5298AFA32A79A3E0009ADC28 /* UIColor+Ext.swift */ = {isa = PBXFileReference; lastKnownFileType = sourcecode.swift; path = "UIColor+Ext.swift"; sourceTree = "<group>"; };
		5298AFAB2A79A49D009ADC28 /* LogVC.swift */ = {isa = PBXFileReference; lastKnownFileType = sourcecode.swift; path = LogVC.swift; sourceTree = "<group>"; };
		5298AFAD2A79A4AA009ADC28 /* CategoryVC.swift */ = {isa = PBXFileReference; lastKnownFileType = sourcecode.swift; path = CategoryVC.swift; sourceTree = "<group>"; };
		5298AFAF2A79A4B5009ADC28 /* SearchVC.swift */ = {isa = PBXFileReference; lastKnownFileType = sourcecode.swift; path = SearchVC.swift; sourceTree = "<group>"; };
		5298AFB12A79A4BF009ADC28 /* MyPageVC.swift */ = {isa = PBXFileReference; lastKnownFileType = sourcecode.swift; path = MyPageVC.swift; sourceTree = "<group>"; };
		52A2D6FD2A6FC8420031FF8E /* kurlyClone.app */ = {isa = PBXFileReference; explicitFileType = wrapper.application; includeInIndex = 0; path = kurlyClone.app; sourceTree = BUILT_PRODUCTS_DIR; };
		52A2D7002A6FC8420031FF8E /* AppDelegate.swift */ = {isa = PBXFileReference; lastKnownFileType = sourcecode.swift; path = AppDelegate.swift; sourceTree = "<group>"; };
		52A2D7022A6FC8420031FF8E /* SceneDelegate.swift */ = {isa = PBXFileReference; lastKnownFileType = sourcecode.swift; path = SceneDelegate.swift; sourceTree = "<group>"; };
		52A2D7042A6FC8420031FF8E /* ViewController.swift */ = {isa = PBXFileReference; lastKnownFileType = sourcecode.swift; path = ViewController.swift; sourceTree = "<group>"; };
		52A2D7072A6FC8420031FF8E /* Base */ = {isa = PBXFileReference; lastKnownFileType = file.storyboard; name = Base; path = Base.lproj/Main.storyboard; sourceTree = "<group>"; };
		52A2D70A2A6FC8420031FF8E /* kurlyClone.xcdatamodel */ = {isa = PBXFileReference; lastKnownFileType = wrapper.xcdatamodel; path = kurlyClone.xcdatamodel; sourceTree = "<group>"; };
		52A2D70C2A6FC8430031FF8E /* Assets.xcassets */ = {isa = PBXFileReference; lastKnownFileType = folder.assetcatalog; path = Assets.xcassets; sourceTree = "<group>"; };
		52A2D70F2A6FC8430031FF8E /* Base */ = {isa = PBXFileReference; lastKnownFileType = file.storyboard; name = Base; path = Base.lproj/LaunchScreen.storyboard; sourceTree = "<group>"; };
		52A2D7112A6FC8430031FF8E /* Info.plist */ = {isa = PBXFileReference; lastKnownFileType = text.plist.xml; path = Info.plist; sourceTree = "<group>"; };
		52C67A452A93E7FD006CF065 /* CutsomNavigationBar.swift */ = {isa = PBXFileReference; lastKnownFileType = sourcecode.swift; path = CutsomNavigationBar.swift; sourceTree = "<group>"; };
		57115CAB3CEDDF05252B856A /* Pods-kurlyClone.debug.xcconfig */ = {isa = PBXFileReference; includeInIndex = 1; lastKnownFileType = text.xcconfig; name = "Pods-kurlyClone.debug.xcconfig"; path = "Target Support Files/Pods-kurlyClone/Pods-kurlyClone.debug.xcconfig"; sourceTree = "<group>"; };
		5A706B7C2F5375A40DDAC9E5 /* Pods-kurlyClone.release.xcconfig */ = {isa = PBXFileReference; includeInIndex = 1; lastKnownFileType = text.xcconfig; name = "Pods-kurlyClone.release.xcconfig"; path = "Target Support Files/Pods-kurlyClone/Pods-kurlyClone.release.xcconfig"; sourceTree = "<group>"; };
		9871A05AF1A6AE187B509A20 /* Pods_kurlyClone.framework */ = {isa = PBXFileReference; explicitFileType = wrapper.framework; includeInIndex = 0; path = Pods_kurlyClone.framework; sourceTree = BUILT_PRODUCTS_DIR; };
/* End PBXFileReference section */

/* Begin PBXFrameworksBuildPhase section */
		52A2D6FA2A6FC8420031FF8E /* Frameworks */ = {
			isa = PBXFrameworksBuildPhase;
			buildActionMask = 2147483647;
			files = (
				297740EDE1F90F35387BD957 /* Pods_kurlyClone.framework in Frameworks */,
			);
			runOnlyForDeploymentPostprocessing = 0;
		};
/* End PBXFrameworksBuildPhase section */

/* Begin PBXGroup section */
		5298AF682A7021C9009ADC28 /* Config */ = {
			isa = PBXGroup;
			children = (
				5298AF692A7021EC009ADC28 /* Constant.swift */,
			);
			path = Config;
			sourceTree = "<group>";
		};
		5298AF6B2A702209009ADC28 /* Util */ = {
			isa = PBXGroup;
			children = (
				5298AFA02A79A379009ADC28 /* Extensions */,
			);
			path = Util;
			sourceTree = "<group>";
		};
		5298AF6C2A70225A009ADC28 /* Models */ = {
			isa = PBXGroup;
			children = (
				5298AF6E2A7029DB009ADC28 /* User */,
				5298AF732A702C37009ADC28 /* dummyData.json */,
			);
			path = Models;
			sourceTree = "<group>";
		};
		5298AF6E2A7029DB009ADC28 /* User */ = {
			isa = PBXGroup;
			children = (
				5298AF6F2A7029FF009ADC28 /* UserModel.swift */,
			);
			path = User;
			sourceTree = "<group>";
		};
		5298AF752A702D81009ADC28 /* Managers */ = {
			isa = PBXGroup;
			children = (
			);
			path = Managers;
			sourceTree = "<group>";
		};
		5298AF762A702D89009ADC28 /* ViewControllers */ = {
			isa = PBXGroup;
			children = (
				5298AF772A7034B7009ADC28 /* TabBarController.swift */,
				5298AFB32A79A564009ADC28 /* PageViewControllers */,
			);
			path = ViewControllers;
			sourceTree = "<group>";
		};
		5298AF792A703707009ADC28 /* Home */ = {
			isa = PBXGroup;
			children = (
				5298AF7A2A703720009ADC28 /* HomeVC.swift */,
				528BAF2A2A8279A800ED179E /* KurlyRecommendationVC.swift */,
				528BAF2C2A827A7800ED179E /* NewProductVC.swift */,
				528BAF2E2A827AAF00ED179E /* BestVC.swift */,
				528BAF302A827ADB00ED179E /* SalesVC.swift */,
				528BAF322A827AF800ED179E /* SpecialPriceVC.swift */,
			);
			path = Home;
			sourceTree = "<group>";
		};
		5298AFA02A79A379009ADC28 /* Extensions */ = {
			isa = PBXGroup;
			children = (
				5298AFA32A79A3E0009ADC28 /* UIColor+Ext.swift */,
				528BAF282A79A94C00ED179E /* UIImage+Ext.swift */,
			);
			path = Extensions;
			sourceTree = "<group>";
		};
		5298AFA52A79A43F009ADC28 /* Log */ = {
			isa = PBXGroup;
			children = (
				5298AFAB2A79A49D009ADC28 /* LogVC.swift */,
			);
			path = Log;
			sourceTree = "<group>";
		};
		5298AFA82A79A474009ADC28 /* Category */ = {
			isa = PBXGroup;
			children = (
				5298AFAD2A79A4AA009ADC28 /* CategoryVC.swift */,
			);
			name = Category;
			path = ..;
			sourceTree = "<group>";
		};
		5298AFA92A79A47D009ADC28 /* Search */ = {
			isa = PBXGroup;
			children = (
				5298AFAF2A79A4B5009ADC28 /* SearchVC.swift */,
			);
			path = Search;
			sourceTree = "<group>";
		};
		5298AFAA2A79A484009ADC28 /* MyPage */ = {
			isa = PBXGroup;
			children = (
				5298AFB12A79A4BF009ADC28 /* MyPageVC.swift */,
			);
			path = MyPage;
			sourceTree = "<group>";
		};
		5298AFB32A79A564009ADC28 /* PageViewControllers */ = {
			isa = PBXGroup;
			children = (
				5298AFAA2A79A484009ADC28 /* MyPage */,
				5298AFA92A79A47D009ADC28 /* Search */,
				5298AFA82A79A474009ADC28 /* Category */,
				5298AFA52A79A43F009ADC28 /* Log */,
				5298AF792A703707009ADC28 /* Home */,
			);
			path = PageViewControllers;
			sourceTree = "<group>";
		};
		52A2D6F42A6FC8420031FF8E = {
			isa = PBXGroup;
			children = (
				52A2D6FF2A6FC8420031FF8E /* kurlyClone */,
				52A2D6FE2A6FC8420031FF8E /* Products */,
				7A630FA9CA2EDB7178619884 /* Pods */,
				B74B55E03817D9F95F1AF677 /* Frameworks */,
			);
			sourceTree = "<group>";
		};
		52A2D6FE2A6FC8420031FF8E /* Products */ = {
			isa = PBXGroup;
			children = (
				52A2D6FD2A6FC8420031FF8E /* kurlyClone.app */,
			);
			name = Products;
			sourceTree = "<group>";
		};
		52A2D6FF2A6FC8420031FF8E /* kurlyClone */ = {
			isa = PBXGroup;
			children = (
				52C67A442A93E7DA006CF065 /* Components */,
				5298AF6C2A70225A009ADC28 /* Models */,
				5298AF762A702D89009ADC28 /* ViewControllers */,
				5298AF752A702D81009ADC28 /* Managers */,
				5298AF682A7021C9009ADC28 /* Config */,
				5298AF6B2A702209009ADC28 /* Util */,
				52A2D7002A6FC8420031FF8E /* AppDelegate.swift */,
				52A2D7022A6FC8420031FF8E /* SceneDelegate.swift */,
				52A2D7042A6FC8420031FF8E /* ViewController.swift */,
				52A2D7062A6FC8420031FF8E /* Main.storyboard */,
				52A2D70C2A6FC8430031FF8E /* Assets.xcassets */,
				52A2D70E2A6FC8430031FF8E /* LaunchScreen.storyboard */,
				52A2D7112A6FC8430031FF8E /* Info.plist */,
				52A2D7092A6FC8420031FF8E /* kurlyClone.xcdatamodeld */,
			);
			path = kurlyClone;
			sourceTree = "<group>";
		};
		52C67A442A93E7DA006CF065 /* Components */ = {
			isa = PBXGroup;
			children = (
				52C67A452A93E7FD006CF065 /* CutsomNavigationBar.swift */,
			);
			path = Components;
			sourceTree = "<group>";
		};
		7A630FA9CA2EDB7178619884 /* Pods */ = {
			isa = PBXGroup;
			children = (
				57115CAB3CEDDF05252B856A /* Pods-kurlyClone.debug.xcconfig */,
				5A706B7C2F5375A40DDAC9E5 /* Pods-kurlyClone.release.xcconfig */,
			);
			path = Pods;
			sourceTree = "<group>";
		};
		B74B55E03817D9F95F1AF677 /* Frameworks */ = {
			isa = PBXGroup;
			children = (
				9871A05AF1A6AE187B509A20 /* Pods_kurlyClone.framework */,
			);
			name = Frameworks;
			sourceTree = "<group>";
		};
/* End PBXGroup section */

/* Begin PBXNativeTarget section */
		52A2D6FC2A6FC8420031FF8E /* kurlyClone */ = {
			isa = PBXNativeTarget;
			buildConfigurationList = 52A2D7142A6FC8430031FF8E /* Build configuration list for PBXNativeTarget "kurlyClone" */;
			buildPhases = (
				7D53E2064B5A44AED5D87D1C /* [CP] Check Pods Manifest.lock */,
				52A2D6F92A6FC8420031FF8E /* Sources */,
				52A2D6FA2A6FC8420031FF8E /* Frameworks */,
				52A2D6FB2A6FC8420031FF8E /* Resources */,
				0E1E0A32600E8900B38CF2A7 /* [CP] Embed Pods Frameworks */,
			);
			buildRules = (
			);
			dependencies = (
			);
			name = kurlyClone;
			productName = kurlyClone;
			productReference = 52A2D6FD2A6FC8420031FF8E /* kurlyClone.app */;
			productType = "com.apple.product-type.application";
		};
/* End PBXNativeTarget section */

/* Begin PBXProject section */
		52A2D6F52A6FC8420031FF8E /* Project object */ = {
			isa = PBXProject;
			attributes = {
				BuildIndependentTargetsInParallel = 1;
				LastSwiftUpdateCheck = 1430;
				LastUpgradeCheck = 1430;
				TargetAttributes = {
					52A2D6FC2A6FC8420031FF8E = {
						CreatedOnToolsVersion = 14.3;
					};
				};
			};
			buildConfigurationList = 52A2D6F82A6FC8420031FF8E /* Build configuration list for PBXProject "kurlyClone" */;
			compatibilityVersion = "Xcode 14.0";
			developmentRegion = en;
			hasScannedForEncodings = 0;
			knownRegions = (
				en,
				Base,
			);
			mainGroup = 52A2D6F42A6FC8420031FF8E;
			productRefGroup = 52A2D6FE2A6FC8420031FF8E /* Products */;
			projectDirPath = "";
			projectRoot = "";
			targets = (
				52A2D6FC2A6FC8420031FF8E /* kurlyClone */,
			);
		};
/* End PBXProject section */

/* Begin PBXResourcesBuildPhase section */
		52A2D6FB2A6FC8420031FF8E /* Resources */ = {
			isa = PBXResourcesBuildPhase;
			buildActionMask = 2147483647;
			files = (
				52A2D7102A6FC8430031FF8E /* LaunchScreen.storyboard in Resources */,
				5298AF742A702C37009ADC28 /* dummyData.json in Resources */,
				52A2D70D2A6FC8430031FF8E /* Assets.xcassets in Resources */,
				52A2D7082A6FC8420031FF8E /* Main.storyboard in Resources */,
			);
			runOnlyForDeploymentPostprocessing = 0;
		};
/* End PBXResourcesBuildPhase section */

/* Begin PBXShellScriptBuildPhase section */
		0E1E0A32600E8900B38CF2A7 /* [CP] Embed Pods Frameworks */ = {
			isa = PBXShellScriptBuildPhase;
			buildActionMask = 2147483647;
			files = (
			);
			inputFileListPaths = (
				"${PODS_ROOT}/Target Support Files/Pods-kurlyClone/Pods-kurlyClone-frameworks-${CONFIGURATION}-input-files.xcfilelist",
			);
			name = "[CP] Embed Pods Frameworks";
			outputFileListPaths = (
				"${PODS_ROOT}/Target Support Files/Pods-kurlyClone/Pods-kurlyClone-frameworks-${CONFIGURATION}-output-files.xcfilelist",
			);
			runOnlyForDeploymentPostprocessing = 0;
			shellPath = /bin/sh;
			shellScript = "\"${PODS_ROOT}/Target Support Files/Pods-kurlyClone/Pods-kurlyClone-frameworks.sh\"\n";
			showEnvVarsInLog = 0;
		};
		7D53E2064B5A44AED5D87D1C /* [CP] Check Pods Manifest.lock */ = {
			isa = PBXShellScriptBuildPhase;
			buildActionMask = 2147483647;
			files = (
			);
			inputFileListPaths = (
			);
			inputPaths = (
				"${PODS_PODFILE_DIR_PATH}/Podfile.lock",
				"${PODS_ROOT}/Manifest.lock",
			);
			name = "[CP] Check Pods Manifest.lock";
			outputFileListPaths = (
			);
			outputPaths = (
				"$(DERIVED_FILE_DIR)/Pods-kurlyClone-checkManifestLockResult.txt",
			);
			runOnlyForDeploymentPostprocessing = 0;
			shellPath = /bin/sh;
			shellScript = "diff \"${PODS_PODFILE_DIR_PATH}/Podfile.lock\" \"${PODS_ROOT}/Manifest.lock\" > /dev/null\nif [ $? != 0 ] ; then\n    # print error to STDERR\n    echo \"error: The sandbox is not in sync with the Podfile.lock. Run 'pod install' or update your CocoaPods installation.\" >&2\n    exit 1\nfi\n# This output is used by Xcode 'outputs' to avoid re-running this script phase.\necho \"SUCCESS\" > \"${SCRIPT_OUTPUT_FILE_0}\"\n";
			showEnvVarsInLog = 0;
		};
/* End PBXShellScriptBuildPhase section */

/* Begin PBXSourcesBuildPhase section */
		52A2D6F92A6FC8420031FF8E /* Sources */ = {
			isa = PBXSourcesBuildPhase;
			buildActionMask = 2147483647;
			files = (
				528BAF292A79A94C00ED179E /* UIImage+Ext.swift in Sources */,
				528BAF2D2A827A7800ED179E /* NewProductVC.swift in Sources */,
				5298AFB02A79A4B5009ADC28 /* SearchVC.swift in Sources */,
				52A2D7052A6FC8420031FF8E /* ViewController.swift in Sources */,
				5298AFB22A79A4BF009ADC28 /* MyPageVC.swift in Sources */,
				528BAF2F2A827AAF00ED179E /* BestVC.swift in Sources */,
				5298AF7B2A703720009ADC28 /* HomeVC.swift in Sources */,
				52A2D7012A6FC8420031FF8E /* AppDelegate.swift in Sources */,
				5298AF6A2A7021EC009ADC28 /* Constant.swift in Sources */,
				528BAF312A827ADB00ED179E /* SalesVC.swift in Sources */,
				52A2D7032A6FC8420031FF8E /* SceneDelegate.swift in Sources */,
				5298AFAE2A79A4AA009ADC28 /* CategoryVC.swift in Sources */,
				5298AF782A7034B7009ADC28 /* TabBarController.swift in Sources */,
				528BAF2B2A8279A800ED179E /* KurlyRecommendationVC.swift in Sources */,
				5298AFA42A79A3E0009ADC28 /* UIColor+Ext.swift in Sources */,
				5298AFAC2A79A49D009ADC28 /* LogVC.swift in Sources */,
				5298AF702A7029FF009ADC28 /* UserModel.swift in Sources */,
				52C67A462A93E7FD006CF065 /* CutsomNavigationBar.swift in Sources */,
				528BAF332A827AF800ED179E /* SpecialPriceVC.swift in Sources */,
				52A2D70B2A6FC8420031FF8E /* kurlyClone.xcdatamodeld in Sources */,
			);
			runOnlyForDeploymentPostprocessing = 0;
		};
/* End PBXSourcesBuildPhase section */

/* Begin PBXVariantGroup section */
		52A2D7062A6FC8420031FF8E /* Main.storyboard */ = {
			isa = PBXVariantGroup;
			children = (
				52A2D7072A6FC8420031FF8E /* Base */,
			);
			name = Main.storyboard;
			sourceTree = "<group>";
		};
		52A2D70E2A6FC8430031FF8E /* LaunchScreen.storyboard */ = {
			isa = PBXVariantGroup;
			children = (
				52A2D70F2A6FC8430031FF8E /* Base */,
			);
			name = LaunchScreen.storyboard;
			sourceTree = "<group>";
		};
/* End PBXVariantGroup section */

/* Begin XCBuildConfiguration section */
		52A2D7122A6FC8430031FF8E /* Debug */ = {
			isa = XCBuildConfiguration;
			buildSettings = {
				ALWAYS_SEARCH_USER_PATHS = NO;
				CLANG_ANALYZER_NONNULL = YES;
				CLANG_ANALYZER_NUMBER_OBJECT_CONVERSION = YES_AGGRESSIVE;
				CLANG_CXX_LANGUAGE_STANDARD = "gnu++20";
				CLANG_ENABLE_MODULES = YES;
				CLANG_ENABLE_OBJC_ARC = YES;
				CLANG_ENABLE_OBJC_WEAK = YES;
				CLANG_WARN_BLOCK_CAPTURE_AUTORELEASING = YES;
				CLANG_WARN_BOOL_CONVERSION = YES;
				CLANG_WARN_COMMA = YES;
				CLANG_WARN_CONSTANT_CONVERSION = YES;
				CLANG_WARN_DEPRECATED_OBJC_IMPLEMENTATIONS = YES;
				CLANG_WARN_DIRECT_OBJC_ISA_USAGE = YES_ERROR;
				CLANG_WARN_DOCUMENTATION_COMMENTS = YES;
				CLANG_WARN_EMPTY_BODY = YES;
				CLANG_WARN_ENUM_CONVERSION = YES;
				CLANG_WARN_INFINITE_RECURSION = YES;
				CLANG_WARN_INT_CONVERSION = YES;
				CLANG_WARN_NON_LITERAL_NULL_CONVERSION = YES;
				CLANG_WARN_OBJC_IMPLICIT_RETAIN_SELF = YES;
				CLANG_WARN_OBJC_LITERAL_CONVERSION = YES;
				CLANG_WARN_OBJC_ROOT_CLASS = YES_ERROR;
				CLANG_WARN_QUOTED_INCLUDE_IN_FRAMEWORK_HEADER = YES;
				CLANG_WARN_RANGE_LOOP_ANALYSIS = YES;
				CLANG_WARN_STRICT_PROTOTYPES = YES;
				CLANG_WARN_SUSPICIOUS_MOVE = YES;
				CLANG_WARN_UNGUARDED_AVAILABILITY = YES_AGGRESSIVE;
				CLANG_WARN_UNREACHABLE_CODE = YES;
				CLANG_WARN__DUPLICATE_METHOD_MATCH = YES;
				COPY_PHASE_STRIP = NO;
				DEBUG_INFORMATION_FORMAT = dwarf;
				ENABLE_STRICT_OBJC_MSGSEND = YES;
				ENABLE_TESTABILITY = YES;
				GCC_C_LANGUAGE_STANDARD = gnu11;
				GCC_DYNAMIC_NO_PIC = NO;
				GCC_NO_COMMON_BLOCKS = YES;
				GCC_OPTIMIZATION_LEVEL = 0;
				GCC_PREPROCESSOR_DEFINITIONS = (
					"DEBUG=1",
					"$(inherited)",
				);
				GCC_WARN_64_TO_32_BIT_CONVERSION = YES;
				GCC_WARN_ABOUT_RETURN_TYPE = YES_ERROR;
				GCC_WARN_UNDECLARED_SELECTOR = YES;
				GCC_WARN_UNINITIALIZED_AUTOS = YES_AGGRESSIVE;
				GCC_WARN_UNUSED_FUNCTION = YES;
				GCC_WARN_UNUSED_VARIABLE = YES;
				IPHONEOS_DEPLOYMENT_TARGET = 16.4;
				MTL_ENABLE_DEBUG_INFO = INCLUDE_SOURCE;
				MTL_FAST_MATH = YES;
				ONLY_ACTIVE_ARCH = YES;
				SDKROOT = iphoneos;
				SWIFT_ACTIVE_COMPILATION_CONDITIONS = DEBUG;
				SWIFT_OPTIMIZATION_LEVEL = "-Onone";
			};
			name = Debug;
		};
		52A2D7132A6FC8430031FF8E /* Release */ = {
			isa = XCBuildConfiguration;
			buildSettings = {
				ALWAYS_SEARCH_USER_PATHS = NO;
				CLANG_ANALYZER_NONNULL = YES;
				CLANG_ANALYZER_NUMBER_OBJECT_CONVERSION = YES_AGGRESSIVE;
				CLANG_CXX_LANGUAGE_STANDARD = "gnu++20";
				CLANG_ENABLE_MODULES = YES;
				CLANG_ENABLE_OBJC_ARC = YES;
				CLANG_ENABLE_OBJC_WEAK = YES;
				CLANG_WARN_BLOCK_CAPTURE_AUTORELEASING = YES;
				CLANG_WARN_BOOL_CONVERSION = YES;
				CLANG_WARN_COMMA = YES;
				CLANG_WARN_CONSTANT_CONVERSION = YES;
				CLANG_WARN_DEPRECATED_OBJC_IMPLEMENTATIONS = YES;
				CLANG_WARN_DIRECT_OBJC_ISA_USAGE = YES_ERROR;
				CLANG_WARN_DOCUMENTATION_COMMENTS = YES;
				CLANG_WARN_EMPTY_BODY = YES;
				CLANG_WARN_ENUM_CONVERSION = YES;
				CLANG_WARN_INFINITE_RECURSION = YES;
				CLANG_WARN_INT_CONVERSION = YES;
				CLANG_WARN_NON_LITERAL_NULL_CONVERSION = YES;
				CLANG_WARN_OBJC_IMPLICIT_RETAIN_SELF = YES;
				CLANG_WARN_OBJC_LITERAL_CONVERSION = YES;
				CLANG_WARN_OBJC_ROOT_CLASS = YES_ERROR;
				CLANG_WARN_QUOTED_INCLUDE_IN_FRAMEWORK_HEADER = YES;
				CLANG_WARN_RANGE_LOOP_ANALYSIS = YES;
				CLANG_WARN_STRICT_PROTOTYPES = YES;
				CLANG_WARN_SUSPICIOUS_MOVE = YES;
				CLANG_WARN_UNGUARDED_AVAILABILITY = YES_AGGRESSIVE;
				CLANG_WARN_UNREACHABLE_CODE = YES;
				CLANG_WARN__DUPLICATE_METHOD_MATCH = YES;
				COPY_PHASE_STRIP = NO;
				DEBUG_INFORMATION_FORMAT = "dwarf-with-dsym";
				ENABLE_NS_ASSERTIONS = NO;
				ENABLE_STRICT_OBJC_MSGSEND = YES;
				GCC_C_LANGUAGE_STANDARD = gnu11;
				GCC_NO_COMMON_BLOCKS = YES;
				GCC_WARN_64_TO_32_BIT_CONVERSION = YES;
				GCC_WARN_ABOUT_RETURN_TYPE = YES_ERROR;
				GCC_WARN_UNDECLARED_SELECTOR = YES;
				GCC_WARN_UNINITIALIZED_AUTOS = YES_AGGRESSIVE;
				GCC_WARN_UNUSED_FUNCTION = YES;
				GCC_WARN_UNUSED_VARIABLE = YES;
				IPHONEOS_DEPLOYMENT_TARGET = 16.4;
				MTL_ENABLE_DEBUG_INFO = NO;
				MTL_FAST_MATH = YES;
				SDKROOT = iphoneos;
				SWIFT_COMPILATION_MODE = wholemodule;
				SWIFT_OPTIMIZATION_LEVEL = "-O";
				VALIDATE_PRODUCT = YES;
			};
			name = Release;
		};
		52A2D7152A6FC8430031FF8E /* Debug */ = {
			isa = XCBuildConfiguration;
			baseConfigurationReference = 57115CAB3CEDDF05252B856A /* Pods-kurlyClone.debug.xcconfig */;
			buildSettings = {
				ASSETCATALOG_COMPILER_APPICON_NAME = AppIcon;
				ASSETCATALOG_COMPILER_GLOBAL_ACCENT_COLOR_NAME = AccentColor;
				CODE_SIGN_STYLE = Automatic;
				CURRENT_PROJECT_VERSION = 1;
				GENERATE_INFOPLIST_FILE = YES;
				INFOPLIST_FILE = kurlyClone/Info.plist;
				INFOPLIST_KEY_UIApplicationSupportsIndirectInputEvents = YES;
				INFOPLIST_KEY_UILaunchStoryboardName = LaunchScreen;
				INFOPLIST_KEY_UIMainStoryboardFile = Main;
				INFOPLIST_KEY_UISupportedInterfaceOrientations_iPad = "UIInterfaceOrientationPortrait UIInterfaceOrientationPortraitUpsideDown UIInterfaceOrientationLandscapeLeft UIInterfaceOrientationLandscapeRight";
				INFOPLIST_KEY_UISupportedInterfaceOrientations_iPhone = "UIInterfaceOrientationPortrait UIInterfaceOrientationLandscapeLeft UIInterfaceOrientationLandscapeRight";
				LD_RUNPATH_SEARCH_PATHS = (
					"$(inherited)",
					"@executable_path/Frameworks",
				);
				MARKETING_VERSION = 1.0;
				PRODUCT_BUNDLE_IDENTIFIER = example.kurlyClone;
				PRODUCT_NAME = "$(TARGET_NAME)";
				SWIFT_EMIT_LOC_STRINGS = YES;
				SWIFT_VERSION = 5.0;
				TARGETED_DEVICE_FAMILY = "1,2";
			};
			name = Debug;
		};
		52A2D7162A6FC8430031FF8E /* Release */ = {
			isa = XCBuildConfiguration;
			baseConfigurationReference = 5A706B7C2F5375A40DDAC9E5 /* Pods-kurlyClone.release.xcconfig */;
			buildSettings = {
				ASSETCATALOG_COMPILER_APPICON_NAME = AppIcon;
				ASSETCATALOG_COMPILER_GLOBAL_ACCENT_COLOR_NAME = AccentColor;
				CODE_SIGN_STYLE = Automatic;
				CURRENT_PROJECT_VERSION = 1;
				GENERATE_INFOPLIST_FILE = YES;
				INFOPLIST_FILE = kurlyClone/Info.plist;
				INFOPLIST_KEY_UIApplicationSupportsIndirectInputEvents = YES;
				INFOPLIST_KEY_UILaunchStoryboardName = LaunchScreen;
				INFOPLIST_KEY_UIMainStoryboardFile = Main;
				INFOPLIST_KEY_UISupportedInterfaceOrientations_iPad = "UIInterfaceOrientationPortrait UIInterfaceOrientationPortraitUpsideDown UIInterfaceOrientationLandscapeLeft UIInterfaceOrientationLandscapeRight";
				INFOPLIST_KEY_UISupportedInterfaceOrientations_iPhone = "UIInterfaceOrientationPortrait UIInterfaceOrientationLandscapeLeft UIInterfaceOrientationLandscapeRight";
				LD_RUNPATH_SEARCH_PATHS = (
					"$(inherited)",
					"@executable_path/Frameworks",
				);
				MARKETING_VERSION = 1.0;
				PRODUCT_BUNDLE_IDENTIFIER = example.kurlyClone;
				PRODUCT_NAME = "$(TARGET_NAME)";
				SWIFT_EMIT_LOC_STRINGS = YES;
				SWIFT_VERSION = 5.0;
				TARGETED_DEVICE_FAMILY = "1,2";
			};
			name = Release;
		};
/* End XCBuildConfiguration section */

/* Begin XCConfigurationList section */
		52A2D6F82A6FC8420031FF8E /* Build configuration list for PBXProject "kurlyClone" */ = {
			isa = XCConfigurationList;
			buildConfigurations = (
				52A2D7122A6FC8430031FF8E /* Debug */,
				52A2D7132A6FC8430031FF8E /* Release */,
			);
			defaultConfigurationIsVisible = 0;
			defaultConfigurationName = Release;
		};
		52A2D7142A6FC8430031FF8E /* Build configuration list for PBXNativeTarget "kurlyClone" */ = {
			isa = XCConfigurationList;
			buildConfigurations = (
				52A2D7152A6FC8430031FF8E /* Debug */,
				52A2D7162A6FC8430031FF8E /* Release */,
			);
			defaultConfigurationIsVisible = 0;
			defaultConfigurationName = Release;
		};
/* End XCConfigurationList section */

/* Begin XCVersionGroup section */
		52A2D7092A6FC8420031FF8E /* kurlyClone.xcdatamodeld */ = {
			isa = XCVersionGroup;
			children = (
				52A2D70A2A6FC8420031FF8E /* kurlyClone.xcdatamodel */,
			);
			currentVersion = 52A2D70A2A6FC8420031FF8E /* kurlyClone.xcdatamodel */;
			path = kurlyClone.xcdatamodeld;
			sourceTree = "<group>";
			versionGroupType = wrapper.xcdatamodel;
		};
/* End XCVersionGroup section */
	};
	rootObject = 52A2D6F52A6FC8420031FF8E /* Project object */;
}
